
Microsoft Visual Studio Solution File, Format Version 12.00
# Visual Studio Version 17
VisualStudioVersion = 17.4.33122.133
MinimumVisualStudioVersion = 15.0.26124.0
Project("{9A19103F-16F7-4668-BE54-9A1E7A4F7556}") = "Grynwald.MdDocs.ApiReference", "src\MdDocs.ApiReference\Grynwald.MdDocs.ApiReference.csproj", "{C9C174E1-75AA-48A1-ACC7-448D5ED19D9D}"
EndProject
Project("{9A19103F-16F7-4668-BE54-9A1E7A4F7556}") = "Grynwald.MdDocs.ApiReference.Test", "src\MdDocs.ApiReference.Test\Grynwald.MdDocs.ApiReference.Test.csproj", "{3C7495C3-B003-4F6F-A92D-ECD60317C8D9}"
EndProject
Project("{2150E333-8FDC-42A3-9474-1A3956D46DE8}") = "_Solution Items", "_Solution Items", "{8A1D31E5-70CC-48A6-8122-501D7751F39D}"
	ProjectSection(SolutionItems) = preProject
		.editorconfig = .editorconfig
	EndProjectSection
EndProject
Project("{9A19103F-16F7-4668-BE54-9A1E7A4F7556}") = "Grynwald.MdDocs.ApiReference.DemoProject", "src\MdDocs.ApiReference.DemoProject\Grynwald.MdDocs.ApiReference.DemoProject.csproj", "{57CC9151-8248-450D-83DC-5574D2191680}"
EndProject
Project("{9A19103F-16F7-4668-BE54-9A1E7A4F7556}") = "Grynwald.MdDocs", "src\MdDocs\Grynwald.MdDocs.csproj", "{1F1998ED-451E-4415-AF41-8F5302EBB637}"
EndProject
Project("{9A19103F-16F7-4668-BE54-9A1E7A4F7556}") = "Grynwald.MdDocs.CommandLineHelp", "src\MdDocs.CommandLineHelp\Grynwald.MdDocs.CommandLineHelp.csproj", "{C553D6FC-3B33-48B4-BA61-1E19748B4AC0}"
EndProject
Project("{9A19103F-16F7-4668-BE54-9A1E7A4F7556}") = "Grynwald.MdDocs.CommandLineHelp.Test", "src\MdDocs.CommandLineHelp.Test\Grynwald.MdDocs.CommandLineHelp.Test.csproj", "{1119C2C7-FAF0-494C-BCA4-0F8A6C5081A2}"
EndProject
Project("{2150E333-8FDC-42A3-9474-1A3956D46DE8}") = "ApiReference", "ApiReference", "{B6343CCB-9BDB-464E-BF00-278865B3C744}"
EndProject
Project("{2150E333-8FDC-42A3-9474-1A3956D46DE8}") = "CommandLineHelp", "CommandLineHelp", "{01D2D9A6-BD71-4F7C-8E0A-8BEF813EB62F}"
EndProject
Project("{9A19103F-16F7-4668-BE54-9A1E7A4F7556}") = "Grynwald.MdDocs.Common", "src\MdDocs.Common\Grynwald.MdDocs.Common.csproj", "{F98031C2-44D1-4B45-A64E-D60D44103F11}"
EndProject
Project("{2150E333-8FDC-42A3-9474-1A3956D46DE8}") = "Common", "Common", "{8868EC20-6906-4687-A288-4B9470B773B6}"
EndProject
Project("{9A19103F-16F7-4668-BE54-9A1E7A4F7556}") = "Grynwald.MdDocs.CommandLineHelp.DemoProject", "src\MdDocs.CommandLineHelp.DemoProject\Grynwald.MdDocs.CommandLineHelp.DemoProject.csproj", "{811BFCAE-B1D5-48D6-8CA5-5B0B163D1C0F}"
EndProject
Project("{9A19103F-16F7-4668-BE54-9A1E7A4F7556}") = "Grynwald.MdDocs.MSBuild", "src\MdDocs.MSBuild\Grynwald.MdDocs.MSBuild.csproj", "{F6EDF79B-917F-426C-8FC0-B49727878D79}"
EndProject
Project("{9A19103F-16F7-4668-BE54-9A1E7A4F7556}") = "Grynwald.MdDocs.TestHelpers", "src\MdDocs.TestHelpers\Grynwald.MdDocs.TestHelpers.csproj", "{FA76500E-BBE8-48B5-813A-803F5650C40D}"
EndProject
Project("{9A19103F-16F7-4668-BE54-9A1E7A4F7556}") = "Grynwald.MdDocs.Common.Test", "src\MdDocs.Common.Test\Grynwald.MdDocs.Common.Test.csproj", "{F1A978DC-EFA0-47D3-BD73-AE269543FC21}"
EndProject
Project("{9A19103F-16F7-4668-BE54-9A1E7A4F7556}") = "Grynwald.MdDocs.Test", "src\MdDocs.Test\Grynwald.MdDocs.Test.csproj", "{33878214-C315-4C90-ABEA-A3D2A4FDAC78}"
EndProject
Project("{9A19103F-16F7-4668-BE54-9A1E7A4F7556}") = "Grynwald.MdDocs.MSBuild.Test", "src\MdDocs.MSBuild.Test\Grynwald.MdDocs.MSBuild.Test.csproj", "{15EDB45F-5F29-4DE0-BA1C-F05880219224}"
EndProject
Project("{9A19103F-16F7-4668-BE54-9A1E7A4F7556}") = "Grynwald.MdDocs.MSBuild.IntegrationTest", "src\MdDocs.MSBuild.IntegrationTest\Grynwald.MdDocs.MSBuild.IntegrationTest.csproj", "{36DE9F53-7D40-4E72-846D-54F3422143E0}"
EndProject
Project("{2150E333-8FDC-42A3-9474-1A3956D46DE8}") = "src", "src", "{3560D538-F1D7-4AB1-9B82-D9A5D6B69D26}"
EndProject
Project("{2150E333-8FDC-42A3-9474-1A3956D46DE8}") = "build", "build", "{DC2AECAE-7982-4845-830D-B340ADD7A220}"
EndProject
Project("{9A19103F-16F7-4668-BE54-9A1E7A4F7556}") = "Build", "build\Build.csproj", "{2166FFBB-4986-44ED-9B15-26A4DF8D22BC}"
EndProject
Global
	GlobalSection(SolutionConfigurationPlatforms) = preSolution
		Debug|Any CPU = Debug|Any CPU
		Release|Any CPU = Release|Any CPU
	EndGlobalSection
	GlobalSection(ProjectConfigurationPlatforms) = postSolution
		{C9C174E1-75AA-48A1-ACC7-448D5ED19D9D}.Debug|Any CPU.ActiveCfg = Debug|Any CPU
		{C9C174E1-75AA-48A1-ACC7-448D5ED19D9D}.Debug|Any CPU.Build.0 = Debug|Any CPU
		{C9C174E1-75AA-48A1-ACC7-448D5ED19D9D}.Release|Any CPU.ActiveCfg = Release|Any CPU
		{C9C174E1-75AA-48A1-ACC7-448D5ED19D9D}.Release|Any CPU.Build.0 = Release|Any CPU
		{3C7495C3-B003-4F6F-A92D-ECD60317C8D9}.Debug|Any CPU.ActiveCfg = Debug|Any CPU
		{3C7495C3-B003-4F6F-A92D-ECD60317C8D9}.Debug|Any CPU.Build.0 = Debug|Any CPU
		{3C7495C3-B003-4F6F-A92D-ECD60317C8D9}.Release|Any CPU.ActiveCfg = Release|Any CPU
		{3C7495C3-B003-4F6F-A92D-ECD60317C8D9}.Release|Any CPU.Build.0 = Release|Any CPU
		{57CC9151-8248-450D-83DC-5574D2191680}.Debug|Any CPU.ActiveCfg = Debug|Any CPU
		{57CC9151-8248-450D-83DC-5574D2191680}.Debug|Any CPU.Build.0 = Debug|Any CPU
		{57CC9151-8248-450D-83DC-5574D2191680}.Release|Any CPU.ActiveCfg = Release|Any CPU
		{57CC9151-8248-450D-83DC-5574D2191680}.Release|Any CPU.Build.0 = Release|Any CPU
		{1F1998ED-451E-4415-AF41-8F5302EBB637}.Debug|Any CPU.ActiveCfg = Debug|Any CPU
		{1F1998ED-451E-4415-AF41-8F5302EBB637}.Debug|Any CPU.Build.0 = Debug|Any CPU
		{1F1998ED-451E-4415-AF41-8F5302EBB637}.Release|Any CPU.ActiveCfg = Release|Any CPU
		{1F1998ED-451E-4415-AF41-8F5302EBB637}.Release|Any CPU.Build.0 = Release|Any CPU
		{C553D6FC-3B33-48B4-BA61-1E19748B4AC0}.Debug|Any CPU.ActiveCfg = Debug|Any CPU
		{C553D6FC-3B33-48B4-BA61-1E19748B4AC0}.Debug|Any CPU.Build.0 = Debug|Any CPU
		{C553D6FC-3B33-48B4-BA61-1E19748B4AC0}.Release|Any CPU.ActiveCfg = Release|Any CPU
		{C553D6FC-3B33-48B4-BA61-1E19748B4AC0}.Release|Any CPU.Build.0 = Release|Any CPU
		{1119C2C7-FAF0-494C-BCA4-0F8A6C5081A2}.Debug|Any CPU.ActiveCfg = Debug|Any CPU
		{1119C2C7-FAF0-494C-BCA4-0F8A6C5081A2}.Debug|Any CPU.Build.0 = Debug|Any CPU
		{1119C2C7-FAF0-494C-BCA4-0F8A6C5081A2}.Release|Any CPU.ActiveCfg = Release|Any CPU
		{1119C2C7-FAF0-494C-BCA4-0F8A6C5081A2}.Release|Any CPU.Build.0 = Release|Any CPU
		{F98031C2-44D1-4B45-A64E-D60D44103F11}.Debug|Any CPU.ActiveCfg = Debug|Any CPU
		{F98031C2-44D1-4B45-A64E-D60D44103F11}.Debug|Any CPU.Build.0 = Debug|Any CPU
		{F98031C2-44D1-4B45-A64E-D60D44103F11}.Release|Any CPU.ActiveCfg = Release|Any CPU
		{F98031C2-44D1-4B45-A64E-D60D44103F11}.Release|Any CPU.Build.0 = Release|Any CPU
		{811BFCAE-B1D5-48D6-8CA5-5B0B163D1C0F}.Debug|Any CPU.ActiveCfg = Debug|Any CPU
		{811BFCAE-B1D5-48D6-8CA5-5B0B163D1C0F}.Debug|Any CPU.Build.0 = Debug|Any CPU
		{811BFCAE-B1D5-48D6-8CA5-5B0B163D1C0F}.Release|Any CPU.ActiveCfg = Release|Any CPU
		{811BFCAE-B1D5-48D6-8CA5-5B0B163D1C0F}.Release|Any CPU.Build.0 = Release|Any CPU
		{F6EDF79B-917F-426C-8FC0-B49727878D79}.Debug|Any CPU.ActiveCfg = Debug|Any CPU
		{F6EDF79B-917F-426C-8FC0-B49727878D79}.Debug|Any CPU.Build.0 = Debug|Any CPU
		{F6EDF79B-917F-426C-8FC0-B49727878D79}.Release|Any CPU.ActiveCfg = Release|Any CPU
		{F6EDF79B-917F-426C-8FC0-B49727878D79}.Release|Any CPU.Build.0 = Release|Any CPU
		{FA76500E-BBE8-48B5-813A-803F5650C40D}.Debug|Any CPU.ActiveCfg = Debug|Any CPU
		{FA76500E-BBE8-48B5-813A-803F5650C40D}.Debug|Any CPU.Build.0 = Debug|Any CPU
		{FA76500E-BBE8-48B5-813A-803F5650C40D}.Release|Any CPU.ActiveCfg = Release|Any CPU
		{FA76500E-BBE8-48B5-813A-803F5650C40D}.Release|Any CPU.Build.0 = Release|Any CPU
		{F1A978DC-EFA0-47D3-BD73-AE269543FC21}.Debug|Any CPU.ActiveCfg = Debug|Any CPU
		{F1A978DC-EFA0-47D3-BD73-AE269543FC21}.Debug|Any CPU.Build.0 = Debug|Any CPU
		{F1A978DC-EFA0-47D3-BD73-AE269543FC21}.Release|Any CPU.ActiveCfg = Release|Any CPU
		{F1A978DC-EFA0-47D3-BD73-AE269543FC21}.Release|Any CPU.Build.0 = Release|Any CPU
		{33878214-C315-4C90-ABEA-A3D2A4FDAC78}.Debug|Any CPU.ActiveCfg = Debug|Any CPU
		{33878214-C315-4C90-ABEA-A3D2A4FDAC78}.Debug|Any CPU.Build.0 = Debug|Any CPU
		{33878214-C315-4C90-ABEA-A3D2A4FDAC78}.Release|Any CPU.ActiveCfg = Release|Any CPU
		{33878214-C315-4C90-ABEA-A3D2A4FDAC78}.Release|Any CPU.Build.0 = Release|Any CPU
		{15EDB45F-5F29-4DE0-BA1C-F05880219224}.Debug|Any CPU.ActiveCfg = Debug|Any CPU
		{15EDB45F-5F29-4DE0-BA1C-F05880219224}.Debug|Any CPU.Build.0 = Debug|Any CPU
		{15EDB45F-5F29-4DE0-BA1C-F05880219224}.Release|Any CPU.ActiveCfg = Release|Any CPU
		{15EDB45F-5F29-4DE0-BA1C-F05880219224}.Release|Any CPU.Build.0 = Release|Any CPU
		{36DE9F53-7D40-4E72-846D-54F3422143E0}.Debug|Any CPU.ActiveCfg = Debug|Any CPU
		{36DE9F53-7D40-4E72-846D-54F3422143E0}.Debug|Any CPU.Build.0 = Debug|Any CPU
		{36DE9F53-7D40-4E72-846D-54F3422143E0}.Release|Any CPU.ActiveCfg = Release|Any CPU
		{36DE9F53-7D40-4E72-846D-54F3422143E0}.Release|Any CPU.Build.0 = Release|Any CPU
		{2166FFBB-4986-44ED-9B15-26A4DF8D22BC}.Debug|Any CPU.ActiveCfg = Debug|Any CPU
		{2166FFBB-4986-44ED-9B15-26A4DF8D22BC}.Release|Any CPU.ActiveCfg = Release|Any CPU
	EndGlobalSection
	GlobalSection(SolutionProperties) = preSolution
		HideSolutionNode = FALSE
	EndGlobalSection
	GlobalSection(NestedProjects) = preSolution
		{C9C174E1-75AA-48A1-ACC7-448D5ED19D9D} = {3560D538-F1D7-4AB1-9B82-D9A5D6B69D26}
		{3C7495C3-B003-4F6F-A92D-ECD60317C8D9} = {3560D538-F1D7-4AB1-9B82-D9A5D6B69D26}
		{57CC9151-8248-450D-83DC-5574D2191680} = {3560D538-F1D7-4AB1-9B82-D9A5D6B69D26}
		{1F1998ED-451E-4415-AF41-8F5302EBB637} = {3560D538-F1D7-4AB1-9B82-D9A5D6B69D26}
		{C553D6FC-3B33-48B4-BA61-1E19748B4AC0} = {01D2D9A6-BD71-4F7C-8E0A-8BEF813EB62F}
		{1119C2C7-FAF0-494C-BCA4-0F8A6C5081A2} = {01D2D9A6-BD71-4F7C-8E0A-8BEF813EB62F}
		{B6343CCB-9BDB-464E-BF00-278865B3C744} = {3560D538-F1D7-4AB1-9B82-D9A5D6B69D26}
		{01D2D9A6-BD71-4F7C-8E0A-8BEF813EB62F} = {3560D538-F1D7-4AB1-9B82-D9A5D6B69D26}
		{F98031C2-44D1-4B45-A64E-D60D44103F11} = {8868EC20-6906-4687-A288-4B9470B773B6}
		{8868EC20-6906-4687-A288-4B9470B773B6} = {3560D538-F1D7-4AB1-9B82-D9A5D6B69D26}
		{811BFCAE-B1D5-48D6-8CA5-5B0B163D1C0F} = {01D2D9A6-BD71-4F7C-8E0A-8BEF813EB62F}
		{F6EDF79B-917F-426C-8FC0-B49727878D79} = {3560D538-F1D7-4AB1-9B82-D9A5D6B69D26}
		{FA76500E-BBE8-48B5-813A-803F5650C40D} = {8868EC20-6906-4687-A288-4B9470B773B6}
		{F1A978DC-EFA0-47D3-BD73-AE269543FC21} = {8868EC20-6906-4687-A288-4B9470B773B6}
		{33878214-C315-4C90-ABEA-A3D2A4FDAC78} = {3560D538-F1D7-4AB1-9B82-D9A5D6B69D26}
		{15EDB45F-5F29-4DE0-BA1C-F05880219224} = {3560D538-F1D7-4AB1-9B82-D9A5D6B69D26}
		{36DE9F53-7D40-4E72-846D-54F3422143E0} = {3560D538-F1D7-4AB1-9B82-D9A5D6B69D26}
		{2166FFBB-4986-44ED-9B15-26A4DF8D22BC} = {DC2AECAE-7982-4845-830D-B340ADD7A220}
	EndGlobalSection
	GlobalSection(ExtensibilityGlobals) = postSolution
		SolutionGuid = {6774E9D8-488A-4F3B-9F91-41065B9DE8BE}
	EndGlobalSection
EndGlobal
