
Microsoft Visual Studio Solution File, Format Version 12.00
# Visual Studio Version 16
VisualStudioVersion = 16.0.28705.295
MinimumVisualStudioVersion = 15.0.26124.0
Project("{9A19103F-16F7-4668-BE54-9A1E7A4F7556}") = "Grynwald.MdDocs.ApiReference.Pages", "MdDocs.ApiReference.Pages\Grynwald.MdDocs.ApiReference.Pages.csproj", "{C9C174E1-75AA-48A1-ACC7-448D5ED19D9D}"
EndProject
Project("{9A19103F-16F7-4668-BE54-9A1E7A4F7556}") = "Grynwald.MdDocs.ApiReference.Pages.Test", "MdDocs.ApiReference.Pages.Test\Grynwald.MdDocs.ApiReference.Pages.Test.csproj", "{3C7495C3-B003-4F6F-A92D-ECD60317C8D9}"
EndProject
Project("{9A19103F-16F7-4668-BE54-9A1E7A4F7556}") = "Grynwald.MdDocs.ApiReference.Test.TestData", "MdDocs.ApiReference.Test.TestData\Grynwald.MdDocs.ApiReference.Test.TestData.csproj", "{3E404569-2C6B-491D-9DF7-7CEC65633154}"
EndProject
Project("{2150E333-8FDC-42A3-9474-1A3956D46DE8}") = "Solution Items", "Solution Items", "{8A1D31E5-70CC-48A6-8122-501D7751F39D}"
	ProjectSection(SolutionItems) = preProject
		.editorconfig = .editorconfig
	EndProjectSection
EndProject
Project("{9A19103F-16F7-4668-BE54-9A1E7A4F7556}") = "Grynwald.MdDocs.ApiReference.DemoProject", "MdDocs.ApiReference.DemoProject\Grynwald.MdDocs.ApiReference.DemoProject.csproj", "{57CC9151-8248-450D-83DC-5574D2191680}"
EndProject
Project("{9A19103F-16F7-4668-BE54-9A1E7A4F7556}") = "Grynwald.MdDocs.ApiReference.Model", "MdDocs.ApiReference.Model\Grynwald.MdDocs.ApiReference.Model.csproj", "{CC52AF39-79D6-4E19-A425-A6AB0FC37FD2}"
EndProject
Project("{9A19103F-16F7-4668-BE54-9A1E7A4F7556}") = "Grynwald.MdDocs.ApiReference.Model.Test", "MdDocs.ApiReference.Model.Test\Grynwald.MdDocs.ApiReference.Model.Test.csproj", "{9CAF3066-AD82-4131-B6BE-CD0B54A5F5B7}"
EndProject
Project("{FAE04EC0-301F-11D3-BF4B-00C04F79EFBC}") = "Grynwald.MdDocs", "MdDocs\Grynwald.MdDocs.csproj", "{1F1998ED-451E-4415-AF41-8F5302EBB637}"
EndProject
Global
	GlobalSection(SolutionConfigurationPlatforms) = preSolution
		Debug|Any CPU = Debug|Any CPU
		Debug|x64 = Debug|x64
		Debug|x86 = Debug|x86
		Release|Any CPU = Release|Any CPU
		Release|x64 = Release|x64
		Release|x86 = Release|x86
	EndGlobalSection
	GlobalSection(ProjectConfigurationPlatforms) = postSolution
		{C9C174E1-75AA-48A1-ACC7-448D5ED19D9D}.Debug|Any CPU.ActiveCfg = Debug|Any CPU
		{C9C174E1-75AA-48A1-ACC7-448D5ED19D9D}.Debug|Any CPU.Build.0 = Debug|Any CPU
		{C9C174E1-75AA-48A1-ACC7-448D5ED19D9D}.Debug|x64.ActiveCfg = Debug|Any CPU
		{C9C174E1-75AA-48A1-ACC7-448D5ED19D9D}.Debug|x64.Build.0 = Debug|Any CPU
		{C9C174E1-75AA-48A1-ACC7-448D5ED19D9D}.Debug|x86.ActiveCfg = Debug|Any CPU
		{C9C174E1-75AA-48A1-ACC7-448D5ED19D9D}.Debug|x86.Build.0 = Debug|Any CPU
		{C9C174E1-75AA-48A1-ACC7-448D5ED19D9D}.Release|Any CPU.ActiveCfg = Release|Any CPU
		{C9C174E1-75AA-48A1-ACC7-448D5ED19D9D}.Release|Any CPU.Build.0 = Release|Any CPU
		{C9C174E1-75AA-48A1-ACC7-448D5ED19D9D}.Release|x64.ActiveCfg = Release|Any CPU
		{C9C174E1-75AA-48A1-ACC7-448D5ED19D9D}.Release|x64.Build.0 = Release|Any CPU
		{C9C174E1-75AA-48A1-ACC7-448D5ED19D9D}.Release|x86.ActiveCfg = Release|Any CPU
		{C9C174E1-75AA-48A1-ACC7-448D5ED19D9D}.Release|x86.Build.0 = Release|Any CPU
		{3C7495C3-B003-4F6F-A92D-ECD60317C8D9}.Debug|Any CPU.ActiveCfg = Debug|Any CPU
		{3C7495C3-B003-4F6F-A92D-ECD60317C8D9}.Debug|Any CPU.Build.0 = Debug|Any CPU
		{3C7495C3-B003-4F6F-A92D-ECD60317C8D9}.Debug|x64.ActiveCfg = Debug|Any CPU
		{3C7495C3-B003-4F6F-A92D-ECD60317C8D9}.Debug|x64.Build.0 = Debug|Any CPU
		{3C7495C3-B003-4F6F-A92D-ECD60317C8D9}.Debug|x86.ActiveCfg = Debug|Any CPU
		{3C7495C3-B003-4F6F-A92D-ECD60317C8D9}.Debug|x86.Build.0 = Debug|Any CPU
		{3C7495C3-B003-4F6F-A92D-ECD60317C8D9}.Release|Any CPU.ActiveCfg = Release|Any CPU
		{3C7495C3-B003-4F6F-A92D-ECD60317C8D9}.Release|Any CPU.Build.0 = Release|Any CPU
		{3C7495C3-B003-4F6F-A92D-ECD60317C8D9}.Release|x64.ActiveCfg = Release|Any CPU
		{3C7495C3-B003-4F6F-A92D-ECD60317C8D9}.Release|x64.Build.0 = Release|Any CPU
		{3C7495C3-B003-4F6F-A92D-ECD60317C8D9}.Release|x86.ActiveCfg = Release|Any CPU
		{3C7495C3-B003-4F6F-A92D-ECD60317C8D9}.Release|x86.Build.0 = Release|Any CPU
		{3E404569-2C6B-491D-9DF7-7CEC65633154}.Debug|Any CPU.ActiveCfg = Debug|Any CPU
		{3E404569-2C6B-491D-9DF7-7CEC65633154}.Debug|Any CPU.Build.0 = Debug|Any CPU
		{3E404569-2C6B-491D-9DF7-7CEC65633154}.Debug|x64.ActiveCfg = Debug|Any CPU
		{3E404569-2C6B-491D-9DF7-7CEC65633154}.Debug|x64.Build.0 = Debug|Any CPU
		{3E404569-2C6B-491D-9DF7-7CEC65633154}.Debug|x86.ActiveCfg = Debug|Any CPU
		{3E404569-2C6B-491D-9DF7-7CEC65633154}.Debug|x86.Build.0 = Debug|Any CPU
		{3E404569-2C6B-491D-9DF7-7CEC65633154}.Release|Any CPU.ActiveCfg = Release|Any CPU
		{3E404569-2C6B-491D-9DF7-7CEC65633154}.Release|Any CPU.Build.0 = Release|Any CPU
		{3E404569-2C6B-491D-9DF7-7CEC65633154}.Release|x64.ActiveCfg = Release|Any CPU
		{3E404569-2C6B-491D-9DF7-7CEC65633154}.Release|x64.Build.0 = Release|Any CPU
		{3E404569-2C6B-491D-9DF7-7CEC65633154}.Release|x86.ActiveCfg = Release|Any CPU
		{3E404569-2C6B-491D-9DF7-7CEC65633154}.Release|x86.Build.0 = Release|Any CPU
		{57CC9151-8248-450D-83DC-5574D2191680}.Debug|Any CPU.ActiveCfg = Debug|Any CPU
		{57CC9151-8248-450D-83DC-5574D2191680}.Debug|Any CPU.Build.0 = Debug|Any CPU
		{57CC9151-8248-450D-83DC-5574D2191680}.Debug|x64.ActiveCfg = Debug|Any CPU
		{57CC9151-8248-450D-83DC-5574D2191680}.Debug|x64.Build.0 = Debug|Any CPU
		{57CC9151-8248-450D-83DC-5574D2191680}.Debug|x86.ActiveCfg = Debug|Any CPU
		{57CC9151-8248-450D-83DC-5574D2191680}.Debug|x86.Build.0 = Debug|Any CPU
		{57CC9151-8248-450D-83DC-5574D2191680}.Release|Any CPU.ActiveCfg = Release|Any CPU
		{57CC9151-8248-450D-83DC-5574D2191680}.Release|Any CPU.Build.0 = Release|Any CPU
		{57CC9151-8248-450D-83DC-5574D2191680}.Release|x64.ActiveCfg = Release|Any CPU
		{57CC9151-8248-450D-83DC-5574D2191680}.Release|x64.Build.0 = Release|Any CPU
		{57CC9151-8248-450D-83DC-5574D2191680}.Release|x86.ActiveCfg = Release|Any CPU
		{57CC9151-8248-450D-83DC-5574D2191680}.Release|x86.Build.0 = Release|Any CPU
		{CC52AF39-79D6-4E19-A425-A6AB0FC37FD2}.Debug|Any CPU.ActiveCfg = Debug|Any CPU
		{CC52AF39-79D6-4E19-A425-A6AB0FC37FD2}.Debug|Any CPU.Build.0 = Debug|Any CPU
		{CC52AF39-79D6-4E19-A425-A6AB0FC37FD2}.Debug|x64.ActiveCfg = Debug|Any CPU
		{CC52AF39-79D6-4E19-A425-A6AB0FC37FD2}.Debug|x64.Build.0 = Debug|Any CPU
		{CC52AF39-79D6-4E19-A425-A6AB0FC37FD2}.Debug|x86.ActiveCfg = Debug|Any CPU
		{CC52AF39-79D6-4E19-A425-A6AB0FC37FD2}.Debug|x86.Build.0 = Debug|Any CPU
		{CC52AF39-79D6-4E19-A425-A6AB0FC37FD2}.Release|Any CPU.ActiveCfg = Release|Any CPU
		{CC52AF39-79D6-4E19-A425-A6AB0FC37FD2}.Release|Any CPU.Build.0 = Release|Any CPU
		{CC52AF39-79D6-4E19-A425-A6AB0FC37FD2}.Release|x64.ActiveCfg = Release|Any CPU
		{CC52AF39-79D6-4E19-A425-A6AB0FC37FD2}.Release|x64.Build.0 = Release|Any CPU
		{CC52AF39-79D6-4E19-A425-A6AB0FC37FD2}.Release|x86.ActiveCfg = Release|Any CPU
		{CC52AF39-79D6-4E19-A425-A6AB0FC37FD2}.Release|x86.Build.0 = Release|Any CPU
		{9CAF3066-AD82-4131-B6BE-CD0B54A5F5B7}.Debug|Any CPU.ActiveCfg = Debug|Any CPU
		{9CAF3066-AD82-4131-B6BE-CD0B54A5F5B7}.Debug|Any CPU.Build.0 = Debug|Any CPU
		{9CAF3066-AD82-4131-B6BE-CD0B54A5F5B7}.Debug|x64.ActiveCfg = Debug|Any CPU
		{9CAF3066-AD82-4131-B6BE-CD0B54A5F5B7}.Debug|x64.Build.0 = Debug|Any CPU
		{9CAF3066-AD82-4131-B6BE-CD0B54A5F5B7}.Debug|x86.ActiveCfg = Debug|Any CPU
		{9CAF3066-AD82-4131-B6BE-CD0B54A5F5B7}.Debug|x86.Build.0 = Debug|Any CPU
		{9CAF3066-AD82-4131-B6BE-CD0B54A5F5B7}.Release|Any CPU.ActiveCfg = Release|Any CPU
		{9CAF3066-AD82-4131-B6BE-CD0B54A5F5B7}.Release|Any CPU.Build.0 = Release|Any CPU
		{9CAF3066-AD82-4131-B6BE-CD0B54A5F5B7}.Release|x64.ActiveCfg = Release|Any CPU
		{9CAF3066-AD82-4131-B6BE-CD0B54A5F5B7}.Release|x64.Build.0 = Release|Any CPU
		{9CAF3066-AD82-4131-B6BE-CD0B54A5F5B7}.Release|x86.ActiveCfg = Release|Any CPU
		{9CAF3066-AD82-4131-B6BE-CD0B54A5F5B7}.Release|x86.Build.0 = Release|Any CPU
		{1F1998ED-451E-4415-AF41-8F5302EBB637}.Debug|Any CPU.ActiveCfg = Debug|Any CPU
		{1F1998ED-451E-4415-AF41-8F5302EBB637}.Debug|Any CPU.Build.0 = Debug|Any CPU
		{1F1998ED-451E-4415-AF41-8F5302EBB637}.Debug|x64.ActiveCfg = Debug|Any CPU
		{1F1998ED-451E-4415-AF41-8F5302EBB637}.Debug|x64.Build.0 = Debug|Any CPU
		{1F1998ED-451E-4415-AF41-8F5302EBB637}.Debug|x86.ActiveCfg = Debug|Any CPU
		{1F1998ED-451E-4415-AF41-8F5302EBB637}.Debug|x86.Build.0 = Debug|Any CPU
		{1F1998ED-451E-4415-AF41-8F5302EBB637}.Release|Any CPU.ActiveCfg = Release|Any CPU
		{1F1998ED-451E-4415-AF41-8F5302EBB637}.Release|Any CPU.Build.0 = Release|Any CPU
		{1F1998ED-451E-4415-AF41-8F5302EBB637}.Release|x64.ActiveCfg = Release|Any CPU
		{1F1998ED-451E-4415-AF41-8F5302EBB637}.Release|x64.Build.0 = Release|Any CPU
		{1F1998ED-451E-4415-AF41-8F5302EBB637}.Release|x86.ActiveCfg = Release|Any CPU
		{1F1998ED-451E-4415-AF41-8F5302EBB637}.Release|x86.Build.0 = Release|Any CPU
	EndGlobalSection
	GlobalSection(SolutionProperties) = preSolution
		HideSolutionNode = FALSE
	EndGlobalSection
	GlobalSection(ExtensibilityGlobals) = postSolution
		SolutionGuid = {6774E9D8-488A-4F3B-9F91-41065B9DE8BE}
	EndGlobalSection
EndGlobal
